
Microsoft Visual Studio Solution File, Format Version 11.00
# Visual Studio 2010
Project("{FAE04EC0-301F-11D3-BF4B-00C04F79EFBC}") = "TimisPlaygroundx64", "Assembly-CSharp.csproj", "{C6D413EF-937F-9844-03F3-C12DCABF16B4}"
EndProject
Project("{FAE04EC0-301F-11D3-BF4B-00C04F79EFBC}") = "TimisPlaygroundx64", "Assembly-CSharp-Editor.csproj", "{3DFEFAC9-29C4-3608-B435-A6F438AE99FC}"
EndProject
Global
	GlobalSection(SolutionConfigurationPlatforms) = preSolution
		Debug|Any CPU = Debug|Any CPU
		Release|Any CPU = Release|Any CPU
	EndGlobalSection
	GlobalSection(ProjectConfigurationPlatforms) = postSolution
		{C6D413EF-937F-9844-03F3-C12DCABF16B4}.Debug|Any CPU.ActiveCfg = Debug|Any CPU
		{C6D413EF-937F-9844-03F3-C12DCABF16B4}.Debug|Any CPU.Build.0 = Debug|Any CPU
		{C6D413EF-937F-9844-03F3-C12DCABF16B4}.Release|Any CPU.ActiveCfg = Release|Any CPU
		{C6D413EF-937F-9844-03F3-C12DCABF16B4}.Release|Any CPU.Build.0 = Release|Any CPU
		{3DFEFAC9-29C4-3608-B435-A6F438AE99FC}.Debug|Any CPU.ActiveCfg = Debug|Any CPU
		{3DFEFAC9-29C4-3608-B435-A6F438AE99FC}.Debug|Any CPU.Build.0 = Debug|Any CPU
		{3DFEFAC9-29C4-3608-B435-A6F438AE99FC}.Release|Any CPU.ActiveCfg = Release|Any CPU
		{3DFEFAC9-29C4-3608-B435-A6F438AE99FC}.Release|Any CPU.Build.0 = Release|Any CPU
	EndGlobalSection
	GlobalSection(SolutionProperties) = preSolution
		HideSolutionNode = FALSE
	EndGlobalSection
	GlobalSection(MonoDevelopProperties) = preSolution
		StartupItem = Assembly-CSharp.csproj
	EndGlobalSection
EndGlobal
